# THIS IS AN AUTOGENERATED FILE. DO NOT EDIT THIS FILE DIRECTLY.
# yarn lockfile v1


"@babel/runtime@^7.15.4":
  "integrity" "sha512-lkqXDcvlFT5rvEjiu6+QYO+1GXrEHRo2LOtS7E4GtX5ESIZOgepqsZBVIj6Pv+a6zqsya9VCgiK1KAK4BvJDAw=="
  "resolved" "https://registry.npmjs.org/@babel/runtime/-/runtime-7.18.9.tgz"
  "version" "7.18.9"
  dependencies:
    "regenerator-runtime" "^0.13.4"

"@next/env@12.2.4":
  "integrity" "sha512-/gApFXWk5CCLFQJL5IYJXxPQuG5tz5nPX4l27A9Zm/+wJxiwFrRSP54AopDxIv4JRp/rGwcgk/lZS/0Clw8jYA=="
  "resolved" "https://registry.npmjs.org/@next/env/-/env-12.2.4.tgz"
  "version" "12.2.4"

"@next/swc-win32-x64-msvc@12.2.4":
  "integrity" "sha512-5Pl1tdMJWLy4rvzU1ecx0nHWgDPqoYuvYoXE/5X0Clu9si/yOuBIj573F2kOTY7mu0LX2wgCJVSnyK0abHBxIw=="
  "resolved" "https://registry.npmjs.org/@next/swc-win32-x64-msvc/-/swc-win32-x64-msvc-12.2.4.tgz"
  "version" "12.2.4"

"@popperjs/core@^2.9.0":
  "integrity" "sha512-50/17A98tWUfQ176raKiOGXuYpLyyVMkxxG6oylzL3BPOlA6ADGdK7EYunSa4I064xerltq9TGXs8HmOk5E+vw=="
  "resolved" "https://registry.npmjs.org/@popperjs/core/-/core-2.11.6.tgz"
  "version" "2.11.6"

"@swc/helpers@0.4.3":
  "integrity" "sha512-6JrF+fdUK2zbGpJIlN7G3v966PQjyx/dPt1T9km2wj+EUBqgrxCk3uX4Kct16MIm9gGxfKRcfax2hVf5jvlTzA=="
  "resolved" "https://registry.npmjs.org/@swc/helpers/-/helpers-0.4.3.tgz"
  "version" "0.4.3"
  dependencies:
    "tslib" "^2.4.0"

"@tiptap/core@^2.0.0-beta.1", "@tiptap/core@^2.0.0-beta.182":
  "integrity" "sha512-MZGkMGnVnWhBzjvpBNwQ9zBz38ndi3Irbf90uCTSArR0kaCVkW4vmyuPuOXd+0SO8Yv/l5oyDdOCpaG3rnQYfw=="
  "resolved" "https://registry.npmjs.org/@tiptap/core/-/core-2.0.0-beta.182.tgz"
  "version" "2.0.0-beta.182"
  dependencies:
    "prosemirror-commands" "1.3.0"
    "prosemirror-keymap" "1.2.0"
    "prosemirror-model" "1.18.1"
    "prosemirror-schema-list" "1.2.0"
    "prosemirror-state" "1.4.1"
    "prosemirror-transform" "1.6.0"
    "prosemirror-view" "1.26.2"

"@tiptap/extension-blockquote@^2.0.0-beta.29":
  "integrity" "sha512-zMYT5TtpKWav9VhTn4JLyMvXmhEdbD6on0MdhcTjRm0I5ugyR4ZbJwh2aelM7G9DZVYzB8jZU18OSDJmo7Af7w=="
  "resolved" "https://registry.npmjs.org/@tiptap/extension-blockquote/-/extension-blockquote-2.0.0-beta.29.tgz"
  "version" "2.0.0-beta.29"

"@tiptap/extension-bold@^2.0.0-beta.28":
  "integrity" "sha512-DY8GOzw9xjmTFrnvTbgHUNxTnDfKrkDgrhe0SUvdkT2udntWp8umPdhPiD3vczLgHOJw6tX68qMRjbsR1ZPcHQ=="
  "resolved" "https://registry.npmjs.org/@tiptap/extension-bold/-/extension-bold-2.0.0-beta.28.tgz"
  "version" "2.0.0-beta.28"

"@tiptap/extension-bubble-menu@^2.0.0-beta.61":
  "integrity" "sha512-T3Yx+y1sUnXAJjK1CUfsQewSxOpDca9KzKqN2H9c9RZ9UlorR9XmZg6YYW7m9a7adeihj+o3cCO9jRd8dV+nnA=="
  "resolved" "https://registry.npmjs.org/@tiptap/extension-bubble-menu/-/extension-bubble-menu-2.0.0-beta.61.tgz"
  "version" "2.0.0-beta.61"
  dependencies:
    "prosemirror-state" "1.4.1"
    "prosemirror-view" "1.26.2"
    "tippy.js" "^6.3.7"

"@tiptap/extension-bullet-list@^2.0.0-beta.29":
  "integrity" "sha512-R8VB2l1ZB6VeGWx/t/04nBS5Wg3qjIDEZCpPihj2fccJOw99Lu0Ub2UJg/SfdGmeNNpBh4ZYYFv1g/XjyzlXKg=="
  "resolved" "https://registry.npmjs.org/@tiptap/extension-bullet-list/-/extension-bullet-list-2.0.0-beta.29.tgz"
  "version" "2.0.0-beta.29"

"@tiptap/extension-code-block@^2.0.0-beta.42":
  "integrity" "sha512-4wzLup4mI8w9ypIceekUV/8g41cQIPn31qs1iC9u1/JuTkjMj/tA+TFUyp6IMugLxoI/P2DlTztU6/6m7n9DyQ=="
  "resolved" "https://registry.npmjs.org/@tiptap/extension-code-block/-/extension-code-block-2.0.0-beta.42.tgz"
  "version" "2.0.0-beta.42"
  dependencies:
    "prosemirror-state" "1.4.1"

"@tiptap/extension-code@^2.0.0-beta.28":
  "integrity" "sha512-QPJ2Gwb1+3NgcC1ZIhvVcb+FsnWWDu5VZXTKXM4mz892i9V2x48uHg5anPiUV6pcolXsW1F5VNbXIHGTUUO6CQ=="
  "resolved" "https://registry.npmjs.org/@tiptap/extension-code/-/extension-code-2.0.0-beta.28.tgz"
  "version" "2.0.0-beta.28"

"@tiptap/extension-document@^2.0.0-beta.17":
  "integrity" "sha512-L6sg0FNchbtIpQkCSjMmItVGs3/vep8Fq56WRtDc1wBSGUSmtHaxQG7F2FZLnNIUMuvzVMRD81m2vYG73WkY6A=="
  "resolved" "https://registry.npmjs.org/@tiptap/extension-document/-/extension-document-2.0.0-beta.17.tgz"
  "version" "2.0.0-beta.17"

"@tiptap/extension-dropcursor@^2.0.0-beta.29":
  "integrity" "sha512-I+joyoFB8pfdXUPLMqdNO08nlB5m2lbu0VQ5dpqdi/HzgVThMZPZA1cW0X8vAUvrALs5/JFRiFoR9hrLN5R5ng=="
  "resolved" "https://registry.npmjs.org/@tiptap/extension-dropcursor/-/extension-dropcursor-2.0.0-beta.29.tgz"
  "version" "2.0.0-beta.29"
  dependencies:
    "prosemirror-dropcursor" "1.5.0"

"@tiptap/extension-floating-menu@^2.0.0-beta.56":
  "integrity" "sha512-j/evHE/6UPGkIgXny9IGcAh0IrcnQmg0b2NBYebs2mqx9xYKYoe+0jVgNdLp/0M3MRgQCzyWTyatBDBFOUR2mw=="
  "resolved" "https://registry.npmjs.org/@tiptap/extension-floating-menu/-/extension-floating-menu-2.0.0-beta.56.tgz"
  "version" "2.0.0-beta.56"
  dependencies:
    "prosemirror-state" "1.4.1"
    "prosemirror-view" "1.26.2"
    "tippy.js" "^6.3.7"

"@tiptap/extension-gapcursor@^2.0.0-beta.39":
  "integrity" "sha512-oCyz5WEeQXrEIoa1WXaD52yf1EwMFCXaK1cVzFgUj8lkXJ+nJj+O/Zp0Mg+9/MVR0LYu/kifqVorKNXM4AFA/g=="
  "resolved" "https://registry.npmjs.org/@tiptap/extension-gapcursor/-/extension-gapcursor-2.0.0-beta.39.tgz"
  "version" "2.0.0-beta.39"
  dependencies:
    "prosemirror-gapcursor" "1.3.0"

"@tiptap/extension-hard-break@^2.0.0-beta.33":
  "integrity" "sha512-41xf0vSV9hcyTFd01ItLq/CjhjgmOFLCrO3UWN/P2E/cIxuDTyXcvjTE/KXeqRCOV3OYd9fVr0wO91hc8Ij1Yg=="
  "resolved" "https://registry.npmjs.org/@tiptap/extension-hard-break/-/extension-hard-break-2.0.0-beta.33.tgz"
  "version" "2.0.0-beta.33"

"@tiptap/extension-heading@^2.0.0-beta.29":
  "integrity" "sha512-q92jYcsT5bPhvuQaB0h44Z9r+Ii22tDYo082KMVnR4+tknHT/3xx+p4JC8KHjh+/5W8Quyafqy6mS8L8VX0zsQ=="
  "resolved" "https://registry.npmjs.org/@tiptap/extension-heading/-/extension-heading-2.0.0-beta.29.tgz"
  "version" "2.0.0-beta.29"

"@tiptap/extension-history@^2.0.0-beta.26":
  "integrity" "sha512-ly19uwvdmXG8Fw1KcavXIHi3Qx6JBASOR7394zghOEpW3atpY8nd/8I373rZ8eDUcGOClfaF7bCx2xvIotAAnw=="
  "resolved" "https://registry.npmjs.org/@tiptap/extension-history/-/extension-history-2.0.0-beta.26.tgz"
  "version" "2.0.0-beta.26"
  dependencies:
    "prosemirror-history" "1.3.0"

"@tiptap/extension-horizontal-rule@^2.0.0-beta.36":
  "integrity" "sha512-o+Zp7dcn3zAQhtlhZiFB69mTHuH3ZRbGEF7Cbf1D3uX1izotni5zIZbPaFFUT4r6OmVe/vDDt/nopfcGc10ktQ=="
  "resolved" "https://registry.npmjs.org/@tiptap/extension-horizontal-rule/-/extension-horizontal-rule-2.0.0-beta.36.tgz"
  "version" "2.0.0-beta.36"
  dependencies:
    "prosemirror-state" "1.4.1"

"@tiptap/extension-italic@^2.0.0-beta.28":
  "integrity" "sha512-/pKRiCfewh7nqiXRD3N4hQHfGrGNOiWPFYZfY35bSpvTms7PDb/MF7xT1CWW23hSpY31BBS+R/a66vlR/gqu7Q=="
  "resolved" "https://registry.npmjs.org/@tiptap/extension-italic/-/extension-italic-2.0.0-beta.28.tgz"
  "version" "2.0.0-beta.28"

"@tiptap/extension-list-item@^2.0.0-beta.23":
  "integrity" "sha512-AkzvdELz3ZnrlZM0r9+ritBDOnAjXHR/8zCZhW0ZlWx4zyKPMsNG5ygivY+xr4QT65NEGRT8P8b2zOhXrMjjMQ=="
  "resolved" "https://registry.npmjs.org/@tiptap/extension-list-item/-/extension-list-item-2.0.0-beta.23.tgz"
  "version" "2.0.0-beta.23"

"@tiptap/extension-ordered-list@^2.0.0-beta.30":
  "integrity" "sha512-GRxGQdq1u0Rp5N8TjthCqoZ//460m343A0HCN7UwfQOnX7Ipv0UJemwNkSHWrl7Pexym9vy3yPWgrn7oRRmgEw=="
  "resolved" "https://registry.npmjs.org/@tiptap/extension-ordered-list/-/extension-ordered-list-2.0.0-beta.30.tgz"
  "version" "2.0.0-beta.30"

"@tiptap/extension-paragraph@^2.0.0-beta.26":
  "integrity" "sha512-WcYsuUa7LLfk0vi7I1dVjdMRu53B52FMMqd+UL1qPdDKVkU3DBsZVwPj+yyfQyqN8Mc/xyg9VacGaiKFLmWNDg=="
  "resolved" "https://registry.npmjs.org/@tiptap/extension-paragraph/-/extension-paragraph-2.0.0-beta.26.tgz"
  "version" "2.0.0-beta.26"

"@tiptap/extension-strike@^2.0.0-beta.29":
  "integrity" "sha512-zqFuY7GfNmZ/KClt6kxQ+msGo3syqucP/Xnlihxi+/h/G+oTvEwyOIXCtDOltvxcsWH/TUsdr5vzLp0j+Mdc6Q=="
  "resolved" "https://registry.npmjs.org/@tiptap/extension-strike/-/extension-strike-2.0.0-beta.29.tgz"
  "version" "2.0.0-beta.29"

"@tiptap/extension-text@^2.0.0-beta.17":
  "integrity" "sha512-OyKL+pqWJEtjyd9/mrsuY1kZh2b3LWpOQDWKtd4aWR4EA0efmQG+7FPwcIeAVEh7ZoqM+/ABCnPjN6IjzIrSfg=="
  "resolved" "https://registry.npmjs.org/@tiptap/extension-text/-/extension-text-2.0.0-beta.17.tgz"
  "version" "2.0.0-beta.17"

"@tiptap/react@^2.0.0-beta.114":
  "integrity" "sha512-9JbRE+16WM6RxbBxzY74SrJtLodvjeRBnEbWxuhxVgGKxMunRj6r8oED87ODJgqLmkpofwE0KFHTPGdEXfdcKA=="
  "resolved" "https://registry.npmjs.org/@tiptap/react/-/react-2.0.0-beta.114.tgz"
  "version" "2.0.0-beta.114"
  dependencies:
    "@tiptap/extension-bubble-menu" "^2.0.0-beta.61"
    "@tiptap/extension-floating-menu" "^2.0.0-beta.56"
    "prosemirror-view" "1.26.2"

"@tiptap/starter-kit@^2.0.0-beta.191":
  "integrity" "sha512-YRrBCi9W4jiH/xLTJJOCdD7pL4Wb98Ip8qCJ94RElShDj0O1i5tT9wWlgVWoGIU+CRAds5XENRwZ97sJ+YfYyg=="
  "resolved" "https://registry.npmjs.org/@tiptap/starter-kit/-/starter-kit-2.0.0-beta.191.tgz"
  "version" "2.0.0-beta.191"
  dependencies:
    "@tiptap/core" "^2.0.0-beta.182"
    "@tiptap/extension-blockquote" "^2.0.0-beta.29"
    "@tiptap/extension-bold" "^2.0.0-beta.28"
    "@tiptap/extension-bullet-list" "^2.0.0-beta.29"
    "@tiptap/extension-code" "^2.0.0-beta.28"
    "@tiptap/extension-code-block" "^2.0.0-beta.42"
    "@tiptap/extension-document" "^2.0.0-beta.17"
    "@tiptap/extension-dropcursor" "^2.0.0-beta.29"
    "@tiptap/extension-gapcursor" "^2.0.0-beta.39"
    "@tiptap/extension-hard-break" "^2.0.0-beta.33"
    "@tiptap/extension-heading" "^2.0.0-beta.29"
    "@tiptap/extension-history" "^2.0.0-beta.26"
    "@tiptap/extension-horizontal-rule" "^2.0.0-beta.36"
    "@tiptap/extension-italic" "^2.0.0-beta.28"
    "@tiptap/extension-list-item" "^2.0.0-beta.23"
    "@tiptap/extension-ordered-list" "^2.0.0-beta.30"
    "@tiptap/extension-paragraph" "^2.0.0-beta.26"
    "@tiptap/extension-strike" "^2.0.0-beta.29"
    "@tiptap/extension-text" "^2.0.0-beta.17"

"@types/lodash@^4.14.175":
  "integrity" "sha512-/THyiqyQAP9AfARo4pF+aCGcyiQ94tX/Is2I7HofNRqoYLgN1PBoOWu2/zTA5zMxzP5EFutMtWtGAFRKUe961Q=="
  "resolved" "https://registry.npmjs.org/@types/lodash/-/lodash-4.14.182.tgz"
  "version" "4.14.182"

"@types/node@^12.20.55":
  "integrity" "sha512-J8xLz7q2OFulZ2cyGTLE1TbbZcjpno7FaN6zdJNrgAdrJ+DZzh/uFR6YrTb4C+nXakvud8Q4+rbhoIWlYQbUFQ=="
  "resolved" "https://registry.npmjs.org/@types/node/-/node-12.20.55.tgz"
  "version" "12.20.55"

"@types/prop-types@*":
  "integrity" "sha512-JCB8C6SnDoQf0cNycqd/35A7MjcnK+ZTqE7judS6o7utxUCg6imJg3QK2qzHKszlTjcj2cn+NwMB2i96ubpj7w=="
  "resolved" "https://registry.npmjs.org/@types/prop-types/-/prop-types-15.7.5.tgz"
  "version" "15.7.5"

"@types/react-dom@^17.0.17":
  "integrity" "sha512-VjnqEmqGnasQKV0CWLevqMTXBYG9GbwuE6x3VetERLh0cq2LTptFE73MrQi2S7GkKXCf2GgwItB/melLnxfnsg=="
  "resolved" "https://registry.npmjs.org/@types/react-dom/-/react-dom-17.0.17.tgz"
  "version" "17.0.17"
  dependencies:
    "@types/react" "^17"

"@types/react@^17", "@types/react@^17.0.48":
  "integrity" "sha512-zJ6IYlJ8cYYxiJfUaZOQee4lh99mFihBoqkOSEGV+dFi9leROW6+PgstzQ+w3gWTnUfskALtQPGHK6dYmPj+2A=="
  "resolved" "https://registry.npmjs.org/@types/react/-/react-17.0.48.tgz"
  "version" "17.0.48"
  dependencies:
    "@types/prop-types" "*"
    "@types/scheduler" "*"
    "csstype" "^3.0.2"

"@types/scheduler@*":
  "integrity" "sha512-hppQEBDmlwhFAXKJX2KnWLYu5yMfi91yazPb2l+lbJiwW+wdo1gNeRA+3RgNSO39WYX2euey41KEwnqesU2Jew=="
  "resolved" "https://registry.npmjs.org/@types/scheduler/-/scheduler-0.16.2.tgz"
  "version" "0.16.2"

"caniuse-lite@^1.0.30001332":
  "integrity" "sha512-mWvzatRx3w+j5wx/mpFN5v5twlPrabG8NqX2c6e45LCpymdoGqNvRkRutFUqpRTXKFQFNQJasvK0YT7suW6/Hw=="
  "resolved" "https://registry.npmjs.org/caniuse-lite/-/caniuse-lite-1.0.30001374.tgz"
  "version" "1.0.30001374"

"csstype@^3.0.2":
  "integrity" "sha512-uX1KG+x9h5hIJsaKR9xHUeUraxf8IODOwq9JLNPq6BwB04a/xgpq3rcx47l5BZu5zBPlgD342tdke3Hom/nJRA=="
  "resolved" "https://registry.npmjs.org/csstype/-/csstype-3.1.0.tgz"
  "version" "3.1.0"

"deepmerge@^2.1.1":
  "integrity" "sha512-R9hc1Xa/NOBi9WRVUWg19rl1UB7Tt4kuPd+thNJgFZoxXsTz7ncaPaeIm+40oSGuP33DfMb4sZt1QIGiJzC4EA=="
  "resolved" "https://registry.npmjs.org/deepmerge/-/deepmerge-2.2.1.tgz"
  "version" "2.2.1"

"formik@^2.2.9":
  "integrity" "sha512-LQLcISMmf1r5at4/gyJigGn0gOwFbeEAlji+N9InZF6LIMXnFNkO42sCI8Jt84YZggpD4cPWObAZaxpEFtSzNA=="
  "resolved" "https://registry.npmjs.org/formik/-/formik-2.2.9.tgz"
  "version" "2.2.9"
  dependencies:
    "deepmerge" "^2.1.1"
    "hoist-non-react-statics" "^3.3.0"
    "lodash" "^4.17.21"
    "lodash-es" "^4.17.21"
    "react-fast-compare" "^2.0.1"
    "tiny-warning" "^1.0.2"
    "tslib" "^1.10.0"

"hoist-non-react-statics@^3.3.0":
  "integrity" "sha512-/gGivxi8JPKWNm/W0jSmzcMPpfpPLc3dY/6GxhX2hQ9iGj3aDfklV4ET7NjKpSinLpJ5vafa9iiGIEZg10SfBw=="
  "resolved" "https://registry.npmjs.org/hoist-non-react-statics/-/hoist-non-react-statics-3.3.2.tgz"
  "version" "3.3.2"
  dependencies:
    "react-is" "^16.7.0"

"js-tokens@^3.0.0 || ^4.0.0":
  "integrity" "sha512-RdJUflcE3cUzKiMqQgsCu06FPu9UdIJO0beYbPhHN4k6apgJtifcoCtT9bcxOpYBtpD2kCM6Sbzg4CausW/PKQ=="
  "resolved" "https://registry.npmjs.org/js-tokens/-/js-tokens-4.0.0.tgz"
  "version" "4.0.0"

"lodash-es@^4.17.21":
  "integrity" "sha512-mKnC+QJ9pWVzv+C4/U3rRsHapFfHvQFoFB92e52xeyGMcX6/OlIl78je1u8vePzYZSkkogMPJ2yjxxsb89cxyw=="
  "resolved" "https://registry.npmjs.org/lodash-es/-/lodash-es-4.17.21.tgz"
  "version" "4.17.21"

"lodash@^4.17.21":
  "integrity" "sha512-v2kDEe57lecTulaDIuNTPy3Ry4gLGJ6Z1O3vE1krgXZNrsQ+LFTGHVxVjcXPs17LhbZVGedAJv8XZ1tvj5FvSg=="
  "resolved" "https://registry.npmjs.org/lodash/-/lodash-4.17.21.tgz"
  "version" "4.17.21"

"loose-envify@^1.1.0":
  "integrity" "sha512-lyuxPGr/Wfhrlem2CL/UcnUc1zcqKAImBDzukY7Y5F/yQiNdko6+fRLevlw1HgMySw7f611UIY408EtxRSoK3Q=="
  "resolved" "https://registry.npmjs.org/loose-envify/-/loose-envify-1.4.0.tgz"
  "version" "1.4.0"
  dependencies:
    "js-tokens" "^3.0.0 || ^4.0.0"

"nanoclone@^0.2.1":
  "integrity" "sha512-wynEP02LmIbLpcYw8uBKpcfF6dmg2vcpKqxeH5UcoKEYdExslsdUA4ugFauuaeYdTB76ez6gJW8XAZ6CgkXYxA=="
  "resolved" "https://registry.npmjs.org/nanoclone/-/nanoclone-0.2.1.tgz"
  "version" "0.2.1"

"nanoid@^3.3.4":
  "integrity" "sha512-MqBkQh/OHTS2egovRtLk45wEyNXwF+cokD+1YPf9u5VfJiRdAiRwB2froX5Co9Rh20xs4siNPm8naNotSD6RBw=="
  "resolved" "https://registry.npmjs.org/nanoid/-/nanoid-3.3.4.tgz"
  "version" "3.3.4"

"next@latest":
  "integrity" "sha512-b1xlxEozmAWokAXzXsi5vlmU/IfJcFNIJA8dpU5UdkFbyDPio8wwb8mAQ/Y7rGtfTgG/t/u49BiyEA+xAgFvow=="
  "resolved" "https://registry.npmjs.org/next/-/next-12.2.4.tgz"
  "version" "12.2.4"
  dependencies:
    "@next/env" "12.2.4"
    "@swc/helpers" "0.4.3"
    "caniuse-lite" "^1.0.30001332"
    "postcss" "8.4.14"
    "styled-jsx" "5.0.2"
    "use-sync-external-store" "1.2.0"
  optionalDependencies:
    "@next/swc-android-arm-eabi" "12.2.4"
    "@next/swc-android-arm64" "12.2.4"
    "@next/swc-darwin-arm64" "12.2.4"
    "@next/swc-darwin-x64" "12.2.4"
    "@next/swc-freebsd-x64" "12.2.4"
    "@next/swc-linux-arm-gnueabihf" "12.2.4"
    "@next/swc-linux-arm64-gnu" "12.2.4"
    "@next/swc-linux-arm64-musl" "12.2.4"
    "@next/swc-linux-x64-gnu" "12.2.4"
    "@next/swc-linux-x64-musl" "12.2.4"
    "@next/swc-win32-arm64-msvc" "12.2.4"
    "@next/swc-win32-ia32-msvc" "12.2.4"
    "@next/swc-win32-x64-msvc" "12.2.4"

"object-assign@^4.1.1":
  "integrity" "sha512-rJgTQnkUnH1sFw8yT6VSU3zD3sWmu6sZhIseY8VX+GRu3P6F7Fu+JNDoXfklElbLJSnc3FUQHVe4cU5hj+BcUg=="
  "resolved" "https://registry.npmjs.org/object-assign/-/object-assign-4.1.1.tgz"
  "version" "4.1.1"

"orderedmap@^2.0.0":
  "integrity" "sha512-buf4PoAMlh45b8a8gsGy/X6w279TSqkyAS0C0wdTSJwFSU+ljQFJON5I8NfjLHoCXwpSROIo2wr0g33T+kQshQ=="
  "resolved" "https://registry.npmjs.org/orderedmap/-/orderedmap-2.0.0.tgz"
  "version" "2.0.0"

"picocolors@^1.0.0":
  "integrity" "sha512-1fygroTLlHu66zi26VoTDv8yRgm0Fccecssto+MhsZ0D/DGW2sm8E8AjW7NU5VVTRt5GxbeZ5qBuJr+HyLYkjQ=="
  "resolved" "https://registry.npmjs.org/picocolors/-/picocolors-1.0.0.tgz"
  "version" "1.0.0"

"postcss@8.4.14":
  "integrity" "sha512-E398TUmfAYFPBSdzgeieK2Y1+1cpdxJx8yXbK/m57nRhKSmk1GB2tO4lbLBtlkfPQTDKfe4Xqv1ASWPpayPEig=="
  "resolved" "https://registry.npmjs.org/postcss/-/postcss-8.4.14.tgz"
  "version" "8.4.14"
  dependencies:
    "nanoid" "^3.3.4"
    "picocolors" "^1.0.0"
    "source-map-js" "^1.0.2"

"property-expr@^2.0.4":
  "integrity" "sha512-IJUkICM5dP5znhCckHSv30Q4b5/JA5enCtkRHYaOVOAocnH/1BQEYTC5NMfT3AVl/iXKdr3aqQbQn9DxyWknwA=="
  "resolved" "https://registry.npmjs.org/property-expr/-/property-expr-2.0.5.tgz"
  "version" "2.0.5"

"prosemirror-commands@1.3.0":
  "integrity" "sha512-BwBbZ5OAScPcm0x7H8SPbqjuEJnCU2RJT9LDyOiiIl/3NbL1nJZI4SFNHwU2e/tRr2Xe7JsptpzseqvZvToLBQ=="
  "resolved" "https://registry.npmjs.org/prosemirror-commands/-/prosemirror-commands-1.3.0.tgz"
  "version" "1.3.0"
  dependencies:
    "prosemirror-model" "^1.0.0"
    "prosemirror-state" "^1.0.0"
    "prosemirror-transform" "^1.0.0"

"prosemirror-dropcursor@1.5.0":
  "integrity" "sha512-vy7i77ddKyXlu8kKBB3nlxLBnsWyKUmQIPB5x8RkYNh01QNp/qqGmdd5yZefJs0s3rtv5r7Izfu2qbtr+tYAMQ=="
  "resolved" "https://registry.npmjs.org/prosemirror-dropcursor/-/prosemirror-dropcursor-1.5.0.tgz"
  "version" "1.5.0"
  dependencies:
    "prosemirror-state" "^1.0.0"
    "prosemirror-transform" "^1.1.0"
    "prosemirror-view" "^1.1.0"

"prosemirror-gapcursor@1.3.0":
  "integrity" "sha512-9Tdx83xB2W4Oqchm12FtCkSizbqvi64cjs1I9TRPblqdA5TUWoVZ4ZI+t71Jh6HSEh4cDMPzx3UwfryJtKlb/w=="
  "resolved" "https://registry.npmjs.org/prosemirror-gapcursor/-/prosemirror-gapcursor-1.3.0.tgz"
  "version" "1.3.0"
  dependencies:
    "prosemirror-keymap" "^1.0.0"
    "prosemirror-model" "^1.0.0"
    "prosemirror-state" "^1.0.0"
    "prosemirror-view" "^1.0.0"

"prosemirror-history@1.3.0":
  "integrity" "sha512-qo/9Wn4B/Bq89/YD+eNWFbAytu6dmIM85EhID+fz9Jcl9+DfGEo8TTSrRhP15+fFEoaPqpHSxlvSzSEbmlxlUA=="
  "resolved" "https://registry.npmjs.org/prosemirror-history/-/prosemirror-history-1.3.0.tgz"
  "version" "1.3.0"
  dependencies:
    "prosemirror-state" "^1.2.2"
    "prosemirror-transform" "^1.0.0"
    "rope-sequence" "^1.3.0"

"prosemirror-keymap@^1.0.0", "prosemirror-keymap@1.2.0":
  "integrity" "sha512-TdSfu+YyLDd54ufN/ZeD1VtBRYpgZnTPnnbY+4R08DDgs84KrIPEPbJL8t1Lm2dkljFx6xeBE26YWH3aIzkPKg=="
  "resolved" "https://registry.npmjs.org/prosemirror-keymap/-/prosemirror-keymap-1.2.0.tgz"
  "version" "1.2.0"
  dependencies:
    "prosemirror-state" "^1.0.0"
    "w3c-keyname" "^2.2.0"

"prosemirror-model@^1.0.0", "prosemirror-model@^1.16.0", "prosemirror-model@1.18.1":
  "integrity" "sha512-IxSVBKAEMjD7s3n8cgtwMlxAXZrC7Mlag7zYsAKDndAqnDScvSmp/UdnRTV/B33lTCVU3CCm7dyAn/rVVD0mcw=="
  "resolved" "https://registry.npmjs.org/prosemirror-model/-/prosemirror-model-1.18.1.tgz"
  "version" "1.18.1"
  dependencies:
    "orderedmap" "^2.0.0"

"prosemirror-schema-list@1.2.0":
  "integrity" "sha512-8PT/9xOx1HHdC7fDNNfhQ50Z8Mzu7nKyA1KCDltSpcZVZIbB0k7KtsHrnXyuIhbLlScoymBiLZ00c5MH6wdFsA=="
  "resolved" "https://registry.npmjs.org/prosemirror-schema-list/-/prosemirror-schema-list-1.2.0.tgz"
  "version" "1.2.0"
  dependencies:
    "prosemirror-model" "^1.0.0"
    "prosemirror-state" "^1.0.0"
    "prosemirror-transform" "^1.0.0"

"prosemirror-state@^1.0.0", "prosemirror-state@^1.2.2", "prosemirror-state@1.4.1":
  "integrity" "sha512-U/LBDW2gNmVa07sz/D229XigSdDQ5CLFwVB1Vb32MJbAHHhWe/6pOc721faI17tqw4pZ49i1xfY/jEZ9tbIhPg=="
  "resolved" "https://registry.npmjs.org/prosemirror-state/-/prosemirror-state-1.4.1.tgz"
  "version" "1.4.1"
  dependencies:
    "prosemirror-model" "^1.0.0"
    "prosemirror-transform" "^1.0.0"

"prosemirror-transform@^1.0.0", "prosemirror-transform@^1.1.0", "prosemirror-transform@1.6.0":
  "integrity" "sha512-MAp7AjsjEGEqQY0sSMufNIUuEyB1ZR9Fqlm8dTwwWwpEJRv/plsKjWXBbx52q3Ml8MtaMcd7ic14zAHVB3WaMw=="
  "resolved" "https://registry.npmjs.org/prosemirror-transform/-/prosemirror-transform-1.6.0.tgz"
  "version" "1.6.0"
  dependencies:
    "prosemirror-model" "^1.0.0"

"prosemirror-view@^1.0.0", "prosemirror-view@^1.1.0", "prosemirror-view@1.26.2":
  "integrity" "sha512-CGKw+GadkfSBEwRAJTHCEKJ4DlV6/3IhAdjpwGyZHUHtbP7jX4Ol4zmi7xa2c6GOabDlIJLYXJydoNYLX7lNeQ=="
  "resolved" "https://registry.npmjs.org/prosemirror-view/-/prosemirror-view-1.26.2.tgz"
  "version" "1.26.2"
  dependencies:
    "prosemirror-model" "^1.16.0"
    "prosemirror-state" "^1.0.0"
    "prosemirror-transform" "^1.1.0"

"react-dom@^17.0.0 || ^18.0.0", "react-dom@^17.0.2", "react-dom@^17.0.2 || ^18.0.0-0":
  "integrity" "sha512-s4h96KtLDUQlsENhMn1ar8t2bEa+q/YAtj8pPPdIjPDGBDIVNsrD9aXNWqspUe6AzKCIG0C1HZZLqLV7qpOBGA=="
  "resolved" "https://registry.npmjs.org/react-dom/-/react-dom-17.0.2.tgz"
  "version" "17.0.2"
  dependencies:
    "loose-envify" "^1.1.0"
    "object-assign" "^4.1.1"
    "scheduler" "^0.20.2"

"react-fast-compare@^2.0.1":
  "integrity" "sha512-suNP+J1VU1MWFKcyt7RtjiSWUjvidmQSlqu+eHslq+342xCbGTYmC0mEhPCOHxlW0CywylOC1u2DFAT+bv4dBw=="
  "resolved" "https://registry.npmjs.org/react-fast-compare/-/react-fast-compare-2.0.4.tgz"
  "version" "2.0.4"

"react-is@^16.7.0":
  "integrity" "sha512-24e6ynE2H+OKt4kqsOvNd8kBpV65zoxbA4BVsEOB3ARVWQki/DHzaUoC5KuON/BiccDaCCTZBuOcfZs70kR8bQ=="
  "resolved" "https://registry.npmjs.org/react-is/-/react-is-16.13.1.tgz"
  "version" "16.13.1"

"react@^16.11.0 || ^17.0.0 || ^18.0.0", "react@^16.8.0 || ^17.0.0 || ^18.0.0", "react@^17.0.0 || ^18.0.0", "react@^17.0.2", "react@^17.0.2 || ^18.0.0-0", "react@>= 16.8.0 || 17.x.x || ^18.0.0-0", "react@>=16.8.0", "react@17.0.2":
  "integrity" "sha512-gnhPt75i/dq/z3/6q/0asP78D0u592D5L1pd7M8P+dck6Fu/jJeL6iVVK23fptSUZj8Vjf++7wXA8UNclGQcbA=="
  "resolved" "https://registry.npmjs.org/react/-/react-17.0.2.tgz"
  "version" "17.0.2"
  dependencies:
    "loose-envify" "^1.1.0"
    "object-assign" "^4.1.1"

"regenerator-runtime@^0.13.4":
  "integrity" "sha512-p3VT+cOEgxFsRRA9X4lkI1E+k2/CtnKtU4gcxyaCUreilL/vqI6CdZ3wxVUx3UOUg+gnUOQQcRI7BmSI656MYA=="
  "resolved" "https://registry.npmjs.org/regenerator-runtime/-/regenerator-runtime-0.13.9.tgz"
  "version" "0.13.9"

"rope-sequence@^1.3.0":
  "integrity" "sha512-85aZYCxweiD5J8yTEbw+E6A27zSnLPNDL0WfPdw3YYodq7WjnTKo0q4dtyQ2gz23iPT8Q9CUyJtAaUNcTxRf5Q=="
  "resolved" "https://registry.npmjs.org/rope-sequence/-/rope-sequence-1.3.3.tgz"
  "version" "1.3.3"

"scheduler@^0.20.2":
  "integrity" "sha512-2eWfGgAqqWFGqtdMmcL5zCMK1U8KlXv8SQFGglL3CEtd0aDVDWgeF/YoCmvln55m5zSk3J/20hTaSBeSObsQDQ=="
  "resolved" "https://registry.npmjs.org/scheduler/-/scheduler-0.20.2.tgz"
  "version" "0.20.2"
  dependencies:
    "loose-envify" "^1.1.0"
    "object-assign" "^4.1.1"

"source-map-js@^1.0.2":
  "integrity" "sha512-R0XvVJ9WusLiqTCEiGCmICCMplcCkIwwR11mOSD9CR5u+IXYdiseeEuXCVAjS54zqwkLcPNnmU4OeJ6tUrWhDw=="
  "resolved" "https://registry.npmjs.org/source-map-js/-/source-map-js-1.0.2.tgz"
  "version" "1.0.2"

"styled-jsx@5.0.2":
  "integrity" "sha512-LqPQrbBh3egD57NBcHET4qcgshPks+yblyhPlH2GY8oaDgKs8SK4C3dBh3oSJjgzJ3G5t1SYEZGHkP+QEpX9EQ=="
  "resolved" "https://registry.npmjs.org/styled-jsx/-/styled-jsx-5.0.2.tgz"
  "version" "5.0.2"

"swr@^1.3.0":
  "integrity" "sha512-dkghQrOl2ORX9HYrMDtPa7LTVHJjCTeZoB1dqTbnnEDlSvN8JEKpYIYurDfvbQFUUS8Cg8PceFVZNkW0KNNYPw=="
  "resolved" "https://registry.npmjs.org/swr/-/swr-1.3.0.tgz"
  "version" "1.3.0"

"tiny-warning@^1.0.2":
  "integrity" "sha512-lBN9zLN/oAf68o3zNXYrdCt1kP8WsiGW8Oo2ka41b2IM5JL/S1CTyX1rW0mb/zSuJun0ZUrDxx4sqvYS2FWzPA=="
  "resolved" "https://registry.npmjs.org/tiny-warning/-/tiny-warning-1.0.3.tgz"
  "version" "1.0.3"

"tippy.js@^6.3.7":
  "integrity" "sha512-E1d3oP2emgJ9dRQZdf3Kkn0qJgI6ZLpyS5z6ZkY1DF3kaQaBsGZsndEpHwx+eC+tYM41HaSNvNtLx8tU57FzTQ=="
  "resolved" "https://registry.npmjs.org/tippy.js/-/tippy.js-6.3.7.tgz"
  "version" "6.3.7"
  dependencies:
    "@popperjs/core" "^2.9.0"

"toposort@^2.0.2":
  "integrity" "sha512-0a5EOkAUp8D4moMi2W8ZF8jcga7BgZd91O/yabJCFY8az+XSzeGyTKs0Aoo897iV1Nj6guFq8orWDS96z91oGg=="
  "resolved" "https://registry.npmjs.org/toposort/-/toposort-2.0.2.tgz"
  "version" "2.0.2"

"tslib@^1.10.0":
  "integrity" "sha512-Xni35NKzjgMrwevysHTCArtLDpPvye8zV/0E4EyYn43P7/7qvQwPh9BGkHewbMulVntbigmcT7rdX3BNo9wRJg=="
  "resolved" "https://registry.npmjs.org/tslib/-/tslib-1.14.1.tgz"
  "version" "1.14.1"

"tslib@^2.4.0":
  "integrity" "sha512-d6xOpEDfsi2CZVlPQzGeux8XMwLT9hssAsaPYExaQMuYskwb+x1x7J371tWlbBdWHroy99KnVB6qIkUbs5X3UQ=="
  "resolved" "https://registry.npmjs.org/tslib/-/tslib-2.4.0.tgz"
  "version" "2.4.0"

"typescript@^4.7.4":
  "integrity" "sha512-C0WQT0gezHuw6AdY1M2jxUO83Rjf0HP7Sk1DtXj6j1EwkQNZrHAg2XPWlq62oqEhYvONq5pkC2Y9oPljWToLmQ=="
  "resolved" "https://registry.npmjs.org/typescript/-/typescript-4.7.4.tgz"
  "version" "4.7.4"

"use-sync-external-store@1.2.0":
  "integrity" "sha512-eEgnFxGQ1Ife9bzYs6VLi8/4X6CObHMw9Qr9tPY43iKwsPw8xE8+EFsf/2cFZ5S3esXgpWgtSCtLNS41F+sKPA=="
  "resolved" "https://registry.npmjs.org/use-sync-external-store/-/use-sync-external-store-1.2.0.tgz"
  "version" "1.2.0"

"w3c-keyname@^2.2.0":
  "integrity" "sha512-f+fciywl1SJEniZHD6H+kUO8gOnwIr7f4ijKA6+ZvJFjeGi1r4PDLl53Ayud9O/rk64RqgoQine0feoeOU0kXg=="
  "resolved" "https://registry.npmjs.org/w3c-keyname/-/w3c-keyname-2.2.6.tgz"
  "version" "2.2.6"

"yup@^0.32.11":
  "integrity" "sha512-Z2Fe1bn+eLstG8DRR6FTavGD+MeAwyfmouhHsIUgaADz8jvFKbO/fXc2trJKZg+5EBjh4gGm3iU/t3onKlXHIg=="
  "resolved" "https://registry.npmjs.org/yup/-/yup-0.32.11.tgz"
  "version" "0.32.11"
  dependencies:
    "@babel/runtime" "^7.15.4"
    "@types/lodash" "^4.14.175"
    "lodash" "^4.17.21"
    "lodash-es" "^4.17.21"
    "nanoclone" "^0.2.1"
    "property-expr" "^2.0.4"
    "toposort" "^2.0.2"
